
Microsoft Visual Studio Solution File, Format Version 12.00
# Visual Studio Version 16
VisualStudioVersion = 16.0.32929.386
MinimumVisualStudioVersion = 10.0.40219.1
Project("{8BC9CEB8-8B4A-11D0-8D11-00A0C91BC942}") = "Ddk", "src\Ddk.vcxproj", "{12FAF1AE-B4C9-449F-A188-F03CBA835662}"
EndProject
Project("{8BC9CEB8-8B4A-11D0-8D11-00A0C91BC942}") = "DdkUnitTest", "test\DdkUnitTest.vcxproj", "{EC884926-BF4A-42EF-8168-107EDB958B9E}"
EndProject
Global
	GlobalSection(SolutionConfigurationPlatforms) = preSolution
		Debug|x64 = Debug|x64
		Release|x64 = Release|x64
	EndGlobalSection
	GlobalSection(ProjectConfigurationPlatforms) = postSolution
		{12FAF1AE-B4C9-449F-A188-F03CBA835662}.Debug|x64.ActiveCfg = Debug|x64
		{12FAF1AE-B4C9-449F-A188-F03CBA835662}.Debug|x64.Build.0 = Debug|x64
		{12FAF1AE-B4C9-449F-A188-F03CBA835662}.Release|x64.ActiveCfg = Release|x64
		{12FAF1AE-B4C9-449F-A188-F03CBA835662}.Release|x64.Build.0 = Release|x64
		{EC884926-BF4A-42EF-8168-107EDB958B9E}.Debug|x64.ActiveCfg = Debug|x64
		{EC884926-BF4A-42EF-8168-107EDB958B9E}.Debug|x64.Build.0 = Debug|x64
		{EC884926-BF4A-42EF-8168-107EDB958B9E}.Release|x64.ActiveCfg = Release|x64
		{EC884926-BF4A-42EF-8168-107EDB958B9E}.Release|x64.Build.0 = Release|x64
	EndGlobalSection
	GlobalSection(SolutionProperties) = preSolution
		HideSolutionNode = FALSE
	EndGlobalSection
	GlobalSection(ExtensibilityGlobals) = postSolution
		SolutionGuid = {5E28E2AA-B3DF-4D39-BD2E-43438C98FF89}
	EndGlobalSection
EndGlobal
